
Microsoft Visual Studio Solution File, Format Version 12.00
# Visual Studio Version 17
VisualStudioVersion = 17.8.34330.188
MinimumVisualStudioVersion = 10.0.40219.1
Project("{FAE04EC0-301F-11D3-BF4B-00C04F79EFBC}") = "TipTime", "TipTime\TipTime.csproj", "{000BFCBB-5A96-4C73-91DA-490AC21A8ADC}"
EndProject
Global
	GlobalSection(SolutionConfigurationPlatforms) = preSolution
		Debug|Any CPU = Debug|Any CPU
		Release|Any CPU = Release|Any CPU
	EndGlobalSection
	GlobalSection(ProjectConfigurationPlatforms) = postSolution
		{000BFCBB-5A96-4C73-91DA-490AC21A8ADC}.Debug|Any CPU.ActiveCfg = Debug|Any CPU
		{000BFCBB-5A96-4C73-91DA-490AC21A8ADC}.Debug|Any CPU.Build.0 = Debug|Any CPU
		{000BFCBB-5A96-4C73-91DA-490AC21A8ADC}.Debug|Any CPU.Deploy.0 = Debug|Any CPU
		{000BFCBB-5A96-4C73-91DA-490AC21A8ADC}.Release|Any CPU.ActiveCfg = Release|Any CPU
		{000BFCBB-5A96-4C73-91DA-490AC21A8ADC}.Release|Any CPU.Build.0 = Release|Any CPU
		{000BFCBB-5A96-4C73-91DA-490AC21A8ADC}.Release|Any CPU.Deploy.0 = Release|Any CPU
	EndGlobalSection
	GlobalSection(SolutionProperties) = preSolution
		HideSolutionNode = FALSE
	EndGlobalSection
	GlobalSection(ExtensibilityGlobals) = postSolution
		SolutionGuid = {DB9085DC-BC3C-41A0-8707-AB29D167543C}
	EndGlobalSection
EndGlobal
